
Microsoft Visual Studio Solution File, Format Version 10.00
# Visual Studio 2008
Project("{FAE04EC0-301F-11D3-BF4B-00C04F79EFBC}") = "MvcContrib.Samples.IoC.Spring", "MvcContrib.Samples.IoC.Spring.csproj", "{F20387B0-5594-4C07-8FAC-3ACF61BAC1CB}"
EndProject
Global
	GlobalSection(SolutionConfigurationPlatforms) = preSolution
		Debug|Any CPU = Debug|Any CPU
		Release|Any CPU = Release|Any CPU
	EndGlobalSection
	GlobalSection(ProjectConfigurationPlatforms) = postSolution
		{F20387B0-5594-4C07-8FAC-3ACF61BAC1CB}.Debug|Any CPU.ActiveCfg = Debug|Any CPU
		{F20387B0-5594-4C07-8FAC-3ACF61BAC1CB}.Debug|Any CPU.Build.0 = Debug|Any CPU
		{F20387B0-5594-4C07-8FAC-3ACF61BAC1CB}.Release|Any CPU.ActiveCfg = Release|Any CPU
		{F20387B0-5594-4C07-8FAC-3ACF61BAC1CB}.Release|Any CPU.Build.0 = Release|Any CPU
	EndGlobalSection
	GlobalSection(SolutionProperties) = preSolution
		HideSolutionNode = FALSE
	EndGlobalSection
EndGlobal
