
Microsoft Visual Studio Solution File, Format Version 10.00
# Visual Studio 2008
Project("{FAE04EC0-301F-11D3-BF4B-00C04F79EFBC}") = "MvcContrib.Samples.UI", "MvcContrib.Samples.UI.csproj", "{B2E419B6-E126-4B68-93CB-39FE0FAED786}"
EndProject
Global
	GlobalSection(SolutionConfigurationPlatforms) = preSolution
		Debug|Any CPU = Debug|Any CPU
		Release|Any CPU = Release|Any CPU
	EndGlobalSection
	GlobalSection(ProjectConfigurationPlatforms) = postSolution
		{B2E419B6-E126-4B68-93CB-39FE0FAED786}.Debug|Any CPU.ActiveCfg = Debug|Any CPU
		{B2E419B6-E126-4B68-93CB-39FE0FAED786}.Debug|Any CPU.Build.0 = Debug|Any CPU
		{B2E419B6-E126-4B68-93CB-39FE0FAED786}.Release|Any CPU.ActiveCfg = Release|Any CPU
		{B2E419B6-E126-4B68-93CB-39FE0FAED786}.Release|Any CPU.Build.0 = Release|Any CPU
	EndGlobalSection
	GlobalSection(SolutionProperties) = preSolution
		HideSolutionNode = FALSE
	EndGlobalSection
EndGlobal
