
Microsoft Visual Studio Solution File, Format Version 10.00
# Visual Studio 2008
Project("{FAE04EC0-301F-11D3-BF4B-00C04F79EFBC}") = "Sample", "PortableAreaSpike\Sample.csproj", "{53B33CE0-CE16-4C55-A01E-A65DAB29E693}"
EndProject
Project("{FAE04EC0-301F-11D3-BF4B-00C04F79EFBC}") = "LoginPortableArea", "LoginPortableArea\LoginPortableArea.csproj", "{2122C3E9-A51A-415E-AE38-E454BFBD3ACE}"
EndProject
Global
	GlobalSection(SolutionConfigurationPlatforms) = preSolution
		Debug|Any CPU = Debug|Any CPU
		Release|Any CPU = Release|Any CPU
	EndGlobalSection
	GlobalSection(ProjectConfigurationPlatforms) = postSolution
		{53B33CE0-CE16-4C55-A01E-A65DAB29E693}.Debug|Any CPU.ActiveCfg = Debug|Any CPU
		{53B33CE0-CE16-4C55-A01E-A65DAB29E693}.Debug|Any CPU.Build.0 = Debug|Any CPU
		{53B33CE0-CE16-4C55-A01E-A65DAB29E693}.Release|Any CPU.ActiveCfg = Release|Any CPU
		{53B33CE0-CE16-4C55-A01E-A65DAB29E693}.Release|Any CPU.Build.0 = Release|Any CPU
		{2122C3E9-A51A-415E-AE38-E454BFBD3ACE}.Debug|Any CPU.ActiveCfg = Debug|Any CPU
		{2122C3E9-A51A-415E-AE38-E454BFBD3ACE}.Debug|Any CPU.Build.0 = Debug|Any CPU
		{2122C3E9-A51A-415E-AE38-E454BFBD3ACE}.Release|Any CPU.ActiveCfg = Release|Any CPU
		{2122C3E9-A51A-415E-AE38-E454BFBD3ACE}.Release|Any CPU.Build.0 = Release|Any CPU
	EndGlobalSection
	GlobalSection(SolutionProperties) = preSolution
		HideSolutionNode = FALSE
	EndGlobalSection
EndGlobal
