
Microsoft Visual Studio Solution File, Format Version 10.00
# Visual Studio 2008
Project("{FAE04EC0-301F-11D3-BF4B-00C04F79EFBC}") = "MvcContrib.Samples.IncludeCombining", "MvcContrib.Samples.IncludeHandling\MvcContrib.Samples.IncludeCombining.csproj", "{E14AD029-5094-4BDB-95FA-D5E784A811B6}"
EndProject
Global
	GlobalSection(SolutionConfigurationPlatforms) = preSolution
		Debug|Any CPU = Debug|Any CPU
		Release|Any CPU = Release|Any CPU
	EndGlobalSection
	GlobalSection(ProjectConfigurationPlatforms) = postSolution
		{E14AD029-5094-4BDB-95FA-D5E784A811B6}.Debug|Any CPU.ActiveCfg = Debug|Any CPU
		{E14AD029-5094-4BDB-95FA-D5E784A811B6}.Debug|Any CPU.Build.0 = Debug|Any CPU
		{E14AD029-5094-4BDB-95FA-D5E784A811B6}.Release|Any CPU.ActiveCfg = Release|Any CPU
		{E14AD029-5094-4BDB-95FA-D5E784A811B6}.Release|Any CPU.Build.0 = Release|Any CPU
	EndGlobalSection
	GlobalSection(SolutionProperties) = preSolution
		HideSolutionNode = FALSE
	EndGlobalSection
EndGlobal
