
Microsoft Visual Studio Solution File, Format Version 10.00
# Visual Studio 2008
Project("{FAE04EC0-301F-11D3-BF4B-00C04F79EFBC}") = "MVCContrib.UnitTests", "MVCContrib.UnitTests\MVCContrib.UnitTests.csproj", "{0B8EC0CE-1AC1-4ACF-A380-A588E5E1E9CF}"
EndProject
Project("{FAE04EC0-301F-11D3-BF4B-00C04F79EFBC}") = "MVCContrib", "MVCContrib\MVCContrib.csproj", "{2E29C28C-B0B7-4D8C-A06F-67AD70C765EA}"
EndProject
Project("{2150E333-8FDC-42A3-9474-1A3956D46DE8}") = "Solution Items", "Solution Items", "{74D2502B-22E0-469A-A207-EDBD5DDE5842}"
	ProjectSection(SolutionItems) = preProject
		..\build.bat = ..\build.bat
	EndProjectSection
EndProject
Project("{FAE04EC0-301F-11D3-BF4B-00C04F79EFBC}") = "MvcContrib.Castle", "MvcContrib.Castle\MvcContrib.Castle.csproj", "{F3C74912-8FF8-4F79-8CA1-4697025FDF2D}"
EndProject
Project("{FAE04EC0-301F-11D3-BF4B-00C04F79EFBC}") = "MvcContrib.Spring", "MvcContrib.Spring\MvcContrib.Spring.csproj", "{5CE100F1-E229-43A2-9564-90C4B90558C6}"
EndProject
Project("{FAE04EC0-301F-11D3-BF4B-00C04F79EFBC}") = "MvcContrib.StructureMap", "MvcContrib.StructureMap\MvcContrib.StructureMap.csproj", "{6DE6FAEF-F974-4641-990E-FFE8728E5E16}"
EndProject
Project("{FAE04EC0-301F-11D3-BF4B-00C04F79EFBC}") = "MvcContrib.TestHelper", "MvcContrib.TestHelper\MvcContrib.TestHelper\MvcContrib.TestHelper.csproj", "{F2A3F400-A20E-4B83-959B-EBD14D6C143E}"
EndProject
Project("{FAE04EC0-301F-11D3-BF4B-00C04F79EFBC}") = "MvcContrib.Unity", "MvcContrib.Unity\MvcContrib.Unity.csproj", "{B4C170B6-2FC7-4F4D-B7BF-B3E39D1030B4}"
EndProject
Project("{FAE04EC0-301F-11D3-BF4B-00C04F79EFBC}") = "MvcContrib.FluentHtml", "MvcContrib.FluentHtml\MvcContrib.FluentHtml.csproj", "{35AFBC04-8C09-42B7-A56A-EA404688A5B1}"
EndProject
Project("{2150E333-8FDC-42A3-9474-1A3956D46DE8}") = "Extras", "Extras", "{51307952-3A70-4F96-B994-E60DC8A510AC}"
EndProject
Project("{2150E333-8FDC-42A3-9474-1A3956D46DE8}") = "Deprecated", "Deprecated", "{3DE2EAAA-0FB5-429A-A413-CCACD40447D7}"
EndProject
Project("{2150E333-8FDC-42A3-9474-1A3956D46DE8}") = "ControllerFactories", "ControllerFactories", "{E9DE2D17-EAE2-4DBC-BCD6-791E1D1D70A1}"
EndProject
Project("{2150E333-8FDC-42A3-9474-1A3956D46DE8}") = "ViewEngines", "ViewEngines", "{2A4BB6CD-91D7-4DF3-920F-516DB698BDAB}"
EndProject
Project("{FAE04EC0-301F-11D3-BF4B-00C04F79EFBC}") = "MvcContrib.IncludeHandling", "MvcContrib.IncludeHandling\MvcContrib.IncludeHandling.csproj", "{1DC33742-317D-4E6A-AD80-BDA57C22BBC0}"
EndProject
Project("{FAE04EC0-301F-11D3-BF4B-00C04F79EFBC}") = "MvcContrib.TestHelper.WatiN", "MvcContrib.TestHelper.WatiN\MvcContrib.TestHelper.WatiN.csproj", "{32D78201-34A8-4E74-959D-5EE7C13D6639}"
EndProject
Global
	GlobalSection(SolutionConfigurationPlatforms) = preSolution
		Debug|Any CPU = Debug|Any CPU
		Release|Any CPU = Release|Any CPU
	EndGlobalSection
	GlobalSection(ProjectConfigurationPlatforms) = postSolution
		{0B8EC0CE-1AC1-4ACF-A380-A588E5E1E9CF}.Debug|Any CPU.ActiveCfg = Debug|Any CPU
		{0B8EC0CE-1AC1-4ACF-A380-A588E5E1E9CF}.Debug|Any CPU.Build.0 = Debug|Any CPU
		{0B8EC0CE-1AC1-4ACF-A380-A588E5E1E9CF}.Release|Any CPU.ActiveCfg = Release|Any CPU
		{0B8EC0CE-1AC1-4ACF-A380-A588E5E1E9CF}.Release|Any CPU.Build.0 = Release|Any CPU
		{2E29C28C-B0B7-4D8C-A06F-67AD70C765EA}.Debug|Any CPU.ActiveCfg = Debug|Any CPU
		{2E29C28C-B0B7-4D8C-A06F-67AD70C765EA}.Debug|Any CPU.Build.0 = Debug|Any CPU
		{2E29C28C-B0B7-4D8C-A06F-67AD70C765EA}.Release|Any CPU.ActiveCfg = Release|Any CPU
		{2E29C28C-B0B7-4D8C-A06F-67AD70C765EA}.Release|Any CPU.Build.0 = Release|Any CPU
		{F3C74912-8FF8-4F79-8CA1-4697025FDF2D}.Debug|Any CPU.ActiveCfg = Debug|Any CPU
		{F3C74912-8FF8-4F79-8CA1-4697025FDF2D}.Debug|Any CPU.Build.0 = Debug|Any CPU
		{F3C74912-8FF8-4F79-8CA1-4697025FDF2D}.Release|Any CPU.ActiveCfg = Release|Any CPU
		{F3C74912-8FF8-4F79-8CA1-4697025FDF2D}.Release|Any CPU.Build.0 = Release|Any CPU
		{5CE100F1-E229-43A2-9564-90C4B90558C6}.Debug|Any CPU.ActiveCfg = Debug|Any CPU
		{5CE100F1-E229-43A2-9564-90C4B90558C6}.Debug|Any CPU.Build.0 = Debug|Any CPU
		{5CE100F1-E229-43A2-9564-90C4B90558C6}.Release|Any CPU.ActiveCfg = Release|Any CPU
		{5CE100F1-E229-43A2-9564-90C4B90558C6}.Release|Any CPU.Build.0 = Release|Any CPU
		{6DE6FAEF-F974-4641-990E-FFE8728E5E16}.Debug|Any CPU.ActiveCfg = Debug|Any CPU
		{6DE6FAEF-F974-4641-990E-FFE8728E5E16}.Debug|Any CPU.Build.0 = Debug|Any CPU
		{6DE6FAEF-F974-4641-990E-FFE8728E5E16}.Release|Any CPU.ActiveCfg = Release|Any CPU
		{6DE6FAEF-F974-4641-990E-FFE8728E5E16}.Release|Any CPU.Build.0 = Release|Any CPU
		{F2A3F400-A20E-4B83-959B-EBD14D6C143E}.Debug|Any CPU.ActiveCfg = Debug|Any CPU
		{F2A3F400-A20E-4B83-959B-EBD14D6C143E}.Debug|Any CPU.Build.0 = Debug|Any CPU
		{F2A3F400-A20E-4B83-959B-EBD14D6C143E}.Release|Any CPU.ActiveCfg = Release|Any CPU
		{F2A3F400-A20E-4B83-959B-EBD14D6C143E}.Release|Any CPU.Build.0 = Release|Any CPU
		{B4C170B6-2FC7-4F4D-B7BF-B3E39D1030B4}.Debug|Any CPU.ActiveCfg = Debug|Any CPU
		{B4C170B6-2FC7-4F4D-B7BF-B3E39D1030B4}.Debug|Any CPU.Build.0 = Debug|Any CPU
		{B4C170B6-2FC7-4F4D-B7BF-B3E39D1030B4}.Release|Any CPU.ActiveCfg = Release|Any CPU
		{B4C170B6-2FC7-4F4D-B7BF-B3E39D1030B4}.Release|Any CPU.Build.0 = Release|Any CPU
		{35AFBC04-8C09-42B7-A56A-EA404688A5B1}.Debug|Any CPU.ActiveCfg = Debug|Any CPU
		{35AFBC04-8C09-42B7-A56A-EA404688A5B1}.Debug|Any CPU.Build.0 = Debug|Any CPU
		{35AFBC04-8C09-42B7-A56A-EA404688A5B1}.Release|Any CPU.ActiveCfg = Release|Any CPU
		{35AFBC04-8C09-42B7-A56A-EA404688A5B1}.Release|Any CPU.Build.0 = Release|Any CPU
		{1DC33742-317D-4E6A-AD80-BDA57C22BBC0}.Debug|Any CPU.ActiveCfg = Debug|Any CPU
		{1DC33742-317D-4E6A-AD80-BDA57C22BBC0}.Debug|Any CPU.Build.0 = Debug|Any CPU
		{1DC33742-317D-4E6A-AD80-BDA57C22BBC0}.Release|Any CPU.ActiveCfg = Release|Any CPU
		{1DC33742-317D-4E6A-AD80-BDA57C22BBC0}.Release|Any CPU.Build.0 = Release|Any CPU
		{32D78201-34A8-4E74-959D-5EE7C13D6639}.Debug|Any CPU.ActiveCfg = Debug|Any CPU
		{32D78201-34A8-4E74-959D-5EE7C13D6639}.Debug|Any CPU.Build.0 = Debug|Any CPU
		{32D78201-34A8-4E74-959D-5EE7C13D6639}.Release|Any CPU.ActiveCfg = Release|Any CPU
		{32D78201-34A8-4E74-959D-5EE7C13D6639}.Release|Any CPU.Build.0 = Release|Any CPU
	EndGlobalSection
	GlobalSection(SolutionProperties) = preSolution
		HideSolutionNode = FALSE
	EndGlobalSection
	GlobalSection(NestedProjects) = preSolution
		{2A4BB6CD-91D7-4DF3-920F-516DB698BDAB} = {51307952-3A70-4F96-B994-E60DC8A510AC}
		{F3C74912-8FF8-4F79-8CA1-4697025FDF2D} = {51307952-3A70-4F96-B994-E60DC8A510AC}
		{E9DE2D17-EAE2-4DBC-BCD6-791E1D1D70A1} = {51307952-3A70-4F96-B994-E60DC8A510AC}
		{6DE6FAEF-F974-4641-990E-FFE8728E5E16} = {3DE2EAAA-0FB5-429A-A413-CCACD40447D7}
		{B4C170B6-2FC7-4F4D-B7BF-B3E39D1030B4} = {3DE2EAAA-0FB5-429A-A413-CCACD40447D7}
		{5CE100F1-E229-43A2-9564-90C4B90558C6} = {3DE2EAAA-0FB5-429A-A413-CCACD40447D7}
	EndGlobalSection
EndGlobal
